
Microsoft Visual Studio Solution File, Format Version 12.00
# Visual Studio Version 17
VisualStudioVersion = 17.7.34009.444
MinimumVisualStudioVersion = 10.0.40219.1
Project("{FAE04EC0-301F-11D3-BF4B-00C04F79EFBC}") = "TransRoza.Blazorclient", "TransRoza.Blazorclient\TransRoza.Blazorclient.csproj", "{BD956861-D3C1-4858-8378-D67EE93E0962}"
EndProject
Project("{FAE04EC0-301F-11D3-BF4B-00C04F79EFBC}") = "TransRoza.FileHandling", "..\TransRoza.FileHandling\TransRoza.FileHandling.csproj", "{7CC4664D-7CDF-44DD-BE0E-D01446F52362}"
EndProject
Global
	GlobalSection(SolutionConfigurationPlatforms) = preSolution
		Debug|Any CPU = Debug|Any CPU
		Release|Any CPU = Release|Any CPU
	EndGlobalSection
	GlobalSection(ProjectConfigurationPlatforms) = postSolution
		{BD956861-D3C1-4858-8378-D67EE93E0962}.Debug|Any CPU.ActiveCfg = Debug|Any CPU
		{BD956861-D3C1-4858-8378-D67EE93E0962}.Debug|Any CPU.Build.0 = Debug|Any CPU
		{BD956861-D3C1-4858-8378-D67EE93E0962}.Release|Any CPU.ActiveCfg = Release|Any CPU
		{BD956861-D3C1-4858-8378-D67EE93E0962}.Release|Any CPU.Build.0 = Release|Any CPU
		{7CC4664D-7CDF-44DD-BE0E-D01446F52362}.Debug|Any CPU.ActiveCfg = Debug|Any CPU
		{7CC4664D-7CDF-44DD-BE0E-D01446F52362}.Debug|Any CPU.Build.0 = Debug|Any CPU
		{7CC4664D-7CDF-44DD-BE0E-D01446F52362}.Release|Any CPU.ActiveCfg = Release|Any CPU
		{7CC4664D-7CDF-44DD-BE0E-D01446F52362}.Release|Any CPU.Build.0 = Release|Any CPU
	EndGlobalSection
	GlobalSection(SolutionProperties) = preSolution
		HideSolutionNode = FALSE
	EndGlobalSection
	GlobalSection(ExtensibilityGlobals) = postSolution
		SolutionGuid = {582933F0-5E44-4231-AEC1-F395381488AB}
	EndGlobalSection
EndGlobal
